// !$*UTF8*$!
{
	archiveVersion = 1;
	classes = {
	};
	objectVersion = 46;
	objects = {

/* Begin PBXBuildFile section */
		4E70B1001B1761C7001A7608 /* main.m in Sources */ = {isa = PBXBuildFile; fileRef = 4E70B0FF1B1761C7001A7608 /* main.m */; };
/* End PBXBuildFile section */

/* Begin PBXCopyFilesBuildPhase section */
		4E70B0FA1B1761C7001A7608 /* CopyFiles */ = {
			isa = PBXCopyFilesBuildPhase;
			buildActionMask = 2147483647;
			dstPath = /usr/share/man/man1/;
			dstSubfolderSpec = 0;
			files = (
			);
			runOnlyForDeploymentPostprocessing = 1;
		};
/* End PBXCopyFilesBuildPhase section */

/* Begin PBXFileReference section */
		4E70B0FC1B1761C7001A7608 /* LearnObjectiveC */ = {isa = PBXFileReference; explicitFileType = "compiled.mach-o.executable"; includeInIndex = 0; path = LearnObjectiveC; sourceTree = BUILT_PRODUCTS_DIR; };
		4E70B0FF1B1761C7001A7608 /* main.m */ = {isa = PBXFileReference; lastKnownFileType = sourcecode.c.objc; path = main.m; sourceTree = "<group>"; };
/* End PBXFileReference section */

/* Begin PBXFrameworksBuildPhase section */
		4E70B0F91B1761C7001A7608 /* Frameworks */ = {
			isa = PBXFrameworksBuildPhase;
			buildActionMask = 2147483647;
			files = (
			);
			runOnlyForDeploymentPostprocessing = 0;
		};
/* End PBXFrameworksBuildPhase section */

/* Begin PBXGroup section */
		4E70B0F31B1761C7001A7608 = {
			isa = PBXGroup;
			children = (
				4E70B0FE1B1761C7001A7608 /* LearnObjectiveC */,
				4E70B0FD1B1761C7001A7608 /* Products */,
			);
			sourceTree = "<group>";
		};
		4E70B0FD1B1761C7001A7608 /* Products */ = {
			isa = PBXGroup;
			children = (
				4E70B0FC1B1761C7001A7608 /* LearnObjectiveC */,
			);
			name = Products;
			sourceTree = "<group>";
		};
		4E70B0FE1B1761C7001A7608 /* LearnObjectiveC */ = {
			isa = PBXGroup;
			children = (
				4E70B0FF1B1761C7001A7608 /* main.m */,
			);
			path = LearnObjectiveC;
			sourceTree = "<group>";
		};
/* End PBXGroup section */

/* Begin PBXNativeTarget section */
		4E70B0FB1B1761C7001A7608 /* LearnObjectiveC */ = {
			isa = PBXNativeTarget;
			buildConfigurationList = 4E70B1031B1761C7001A7608 /* Build configuration list for PBXNativeTarget "LearnObjectiveC" */;
			buildPhases = (
				4E70B0F81B1761C7001A7608 /* Sources */,
				4E70B0F91B1761C7001A7608 /* Frameworks */,
				4E70B0FA1B1761C7001A7608 /* CopyFiles */,
			);
			buildRules = (
			);
			dependencies = (
			);
			name = LearnObjectiveC;
			productName = LearnObjectiveC;
			productReference = 4E70B0FC1B1761C7001A7608 /* LearnObjectiveC */;
			productType = "com.apple.product-type.tool";
		};
/* End PBXNativeTarget section */

/* Begin PBXProject section */
		4E70B0F41B1761C7001A7608 /* Project object */ = {
			isa = PBXProject;
			attributes = {
				LastUpgradeCheck = 0630;
				ORGANIZATIONNAME = "Vijay Rajanna";
				TargetAttributes = {
					4E70B0FB1B1761C7001A7608 = {
						CreatedOnToolsVersion = 6.3.2;
					};
				};
			};
			buildConfigurationList = 4E70B0F71B1761C7001A7608 /* Build configuration list for PBXProject "LearnObjectiveC" */;
			compatibilityVersion = "Xcode 3.2";
			developmentRegion = English;
			hasScannedForEncodings = 0;
			knownRegions = (
				en,
			);
			mainGroup = 4E70B0F31B1761C7001A7608;
			productRefGroup = 4E70B0FD1B1761C7001A7608 /* Products */;
			projectDirPath = "";
			projectRoot = "";
			targets = (
				4E70B0FB1B1761C7001A7608 /* LearnObjectiveC */,
			);
		};
/* End PBXProject section */

/* Begin PBXSourcesBuildPhase section */
		4E70B0F81B1761C7001A7608 /* Sources */ = {
			isa = PBXSourcesBuildPhase;
			buildActionMask = 2147483647;
			files = (
				4E70B1001B1761C7001A7608 /* main.m in Sources */,
			);
			runOnlyForDeploymentPostprocessing = 0;
		};
/* End PBXSourcesBuildPhase section */

/* Begin XCBuildConfiguration section */
		4E70B1011B1761C7001A7608 /* Debug */ = {
			isa = XCBuildConfiguration;
			buildSettings = {
				ALWAYS_SEARCH_USER_PATHS = NO;
				CLANG_CXX_LANGUAGE_STANDARD = "gnu++0x";
				CLANG_CXX_LIBRARY = "libc++";
				CLANG_ENABLE_MODULES = YES;
				CLANG_ENABLE_OBJC_ARC = YES;
				CLANG_WARN_BOOL_CONVERSION = YES;
				CLANG_WARN_CONSTANT_CONVERSION = YES;
				CLANG_WARN_DIRECT_OBJC_ISA_USAGE = YES_ERROR;
				CLANG_WARN_EMPTY_BODY = YES;
				CLANG_WARN_ENUM_CONVERSION = YES;
				CLANG_WARN_INT_CONVERSION = YES;
				CLANG_WARN_OBJC_ROOT_CLASS = YES_ERROR;
				CLANG_WARN_UNREACHABLE_CODE = YES;
				CLANG_WARN__DUPLICATE_METHOD_MATCH = YES;
				COPY_PHASE_STRIP = NO;
				DEBUG_INFORMATION_FORMAT = dwarf;
				ENABLE_STRICT_OBJC_MSGSEND = YES;
				GCC_C_LANGUAGE_STANDARD = gnu99;
				GCC_DYNAMIC_NO_PIC = NO;
				GCC_NO_COMMON_BLOCKS = YES;
				GCC_OPTIMIZATION_LEVEL = 0;
				GCC_PREPROCESSOR_DEFINITIONS = (
					"DEBUG=1",
					"$(inherited)",
				);
				GCC_SYMBOLS_PRIVATE_EXTERN = NO;
				GCC_WARN_64_TO_32_BIT_CONVERSION = YES;
				GCC_WARN_ABOUT_RETURN_TYPE = YES_ERROR;
				GCC_WARN_UNDECLARED_SELECTOR = YES;
				GCC_WARN_UNINITIALIZED_AUTOS = YES_AGGRESSIVE;
				GCC_WARN_UNUSED_FUNCTION = YES;
				GCC_WARN_UNUSED_VARIABLE = YES;
				MACOSX_DEPLOYMENT_TARGET = 10.10;
				MTL_ENABLE_DEBUG_INFO = YES;
				ONLY_ACTIVE_ARCH = YES;
				SDKROOT = macosx;
			};
			name = Debug;
		};
		4E70B1021B1761C7001A7608 /* Release */ = {
			isa = XCBuildConfiguration;
			buildSettings = {
				ALWAYS_SEARCH_USER_PATHS = NO;
				CLANG_CXX_LANGUAGE_STANDARD = "gnu++0x";
				CLANG_CXX_LIBRARY = "libc++";
				CLANG_ENABLE_MODULES = YES;
				CLANG_ENABLE_OBJC_ARC = YES;
				CLANG_WARN_BOOL_CONVERSION = YES;
				CLANG_WARN_CONSTANT_CONVERSION = YES;
				CLANG_WARN_DIRECT_OBJC_ISA_USAGE = YES_ERROR;
				CLANG_WARN_EMPTY_BODY = YES;
				CLANG_WARN_ENUM_CONVERSION = YES;
				CLANG_WARN_INT_CONVERSION = YES;
				CLANG_WARN_OBJC_ROOT_CLASS = YES_ERROR;
				CLANG_WARN_UNREACHABLE_CODE = YES;
				CLANG_WARN__DUPLICATE_METHOD_MATCH = YES;
				COPY_PHASE_STRIP = NO;
				DEBUG_INFORMATION_FORMAT = "dwarf-with-dsym";
				ENABLE_NS_ASSERTIONS = NO;
				ENABLE_STRICT_OBJC_MSGSEND = YES;
				GCC_C_LANGUAGE_STANDARD = gnu99;
				GCC_NO_COMMON_BLOCKS = YES;
				GCC_WARN_64_TO_32_BIT_CONVERSION = YES;
				GCC_WARN_ABOUT_RETURN_TYPE = YES_ERROR;
				GCC_WARN_UNDECLARED_SELECTOR = YES;
				GCC_WARN_UNINITIALIZED_AUTOS = YES_AGGRESSIVE;
				GCC_WARN_UNUSED_FUNCTION = YES;
				GCC_WARN_UNUSED_VARIABLE = YES;
				MACOSX_DEPLOYMENT_TARGET = 10.10;
				MTL_ENABLE_DEBUG_INFO = NO;
				SDKROOT = macosx;
			};
			name = Release;
		};
		4E70B1041B1761C7001A7608 /* Debug */ = {
			isa = XCBuildConfiguration;
			buildSettings = {
				PRODUCT_NAME = "$(TARGET_NAME)";
			};
			name = Debug;
		};
		4E70B1051B1761C7001A7608 /* Release */ = {
			isa = XCBuildConfiguration;
			buildSettings = {
				PRODUCT_NAME = "$(TARGET_NAME)";
			};
			name = Release;
		};
/* End XCBuildConfiguration section */

/* Begin XCConfigurationList section */
		4E70B0F71B1761C7001A7608 /* Build configuration list for PBXProject "LearnObjectiveC" */ = {
			isa = XCConfigurationList;
			buildConfigurations = (
				4E70B1011B1761C7001A7608 /* Debug */,
				4E70B1021B1761C7001A7608 /* Release */,
			);
			defaultConfigurationIsVisible = 0;
			defaultConfigurationName = Release;
		};
		4E70B1031B1761C7001A7608 /* Build configuration list for PBXNativeTarget "LearnObjectiveC" */ = {
			isa = XCConfigurationList;
			buildConfigurations = (
				4E70B1041B1761C7001A7608 /* Debug */,
				4E70B1051B1761C7001A7608 /* Release */,
			);
			defaultConfigurationIsVisible = 0;
		};
/* End XCConfigurationList section */
	};
	rootObject = 4E70B0F41B1761C7001A7608 /* Project object */;
}
